github.com/hayate212/seviper v0.0.0-20200229020740-f5a4fff9c51d h1:22ePMk11jBt3Yn4N1HPmO9nvJjAF9Ra4v5rZckDfClg=
github.com/hayate212/seviper v0.0.0-20200229020740-f5a4fff9c51d/go.mod h1:mUjJwL8UMn8EGCC7Qk6EwUfxL9uV+/+HxbQKUbZ3L50=
github.com/hayate212/seviper v0.0.0-20200229050438-ff9398885439 h1:K5M2hDUqrsUhGhKfcrQTRlnLxCHw+14dHP9Ci+VN1V8=
github.com/hayate212/seviper v0.0.0-20200229050438-ff9398885439/go.mod h1:mUjJwL8UMn8EGCC7Qk6EwUfxL9uV+/+HxbQKUbZ3L50=
